
Microsoft Visual Studio Solution File, Format Version 12.00
# Visual Studio Version 17
VisualStudioVersion = 17.2.32414.248
MinimumVisualStudioVersion = 10.0.40219.1
Project("{FAE04EC0-301F-11D3-BF4B-00C04F79EFBC}") = "StimulsoftReport", "StimulsoftReport\StimulsoftReport.csproj", "{386D456A-5F7D-42E1-8EAA-44D4AC175B34}"
EndProject
Global
	GlobalSection(SolutionConfigurationPlatforms) = preSolution
		Debug|Any CPU = Debug|Any CPU
		Release|Any CPU = Release|Any CPU
	EndGlobalSection
	GlobalSection(ProjectConfigurationPlatforms) = postSolution
		{386D456A-5F7D-42E1-8EAA-44D4AC175B34}.Debug|Any CPU.ActiveCfg = Debug|Any CPU
		{386D456A-5F7D-42E1-8EAA-44D4AC175B34}.Debug|Any CPU.Build.0 = Debug|Any CPU
		{386D456A-5F7D-42E1-8EAA-44D4AC175B34}.Release|Any CPU.ActiveCfg = Release|Any CPU
		{386D456A-5F7D-42E1-8EAA-44D4AC175B34}.Release|Any CPU.Build.0 = Release|Any CPU
	EndGlobalSection
	GlobalSection(SolutionProperties) = preSolution
		HideSolutionNode = FALSE
	EndGlobalSection
	GlobalSection(ExtensibilityGlobals) = postSolution
		SolutionGuid = {2A471421-9286-4520-AF9B-1A16EB4EC325}
	EndGlobalSection
EndGlobal
